
Microsoft Visual Studio Solution File, Format Version 12.00
# Visual Studio 15
Project("{FAE04EC0-301F-11D3-BF4B-00C04F79EFBC}") = "Assembly-CSharp", "Assembly-CSharp.csproj", "{3DA368F9-42C0-DF50-A2FD-2DF769F87638}"
EndProject
Global
	GlobalSection(SolutionConfigurationPlatforms) = preSolution
		Debug|Any CPU = Debug|Any CPU
		Release|Any CPU = Release|Any CPU
	EndGlobalSection
	GlobalSection(ProjectConfigurationPlatforms) = postSolution
		{3DA368F9-42C0-DF50-A2FD-2DF769F87638}.Debug|Any CPU.ActiveCfg = Debug|Any CPU
		{3DA368F9-42C0-DF50-A2FD-2DF769F87638}.Debug|Any CPU.Build.0 = Debug|Any CPU
		{3DA368F9-42C0-DF50-A2FD-2DF769F87638}.Release|Any CPU.ActiveCfg = Release|Any CPU
		{3DA368F9-42C0-DF50-A2FD-2DF769F87638}.Release|Any CPU.Build.0 = Release|Any CPU
	EndGlobalSection
	GlobalSection(SolutionProperties) = preSolution
		HideSolutionNode = FALSE
	EndGlobalSection
EndGlobal
