
Microsoft Visual Studio Solution File, Format Version 12.00
# Visual Studio 15
Project("{FAE04EC0-301F-11D3-BF4B-00C04F79EFBC}") = "AstarPathfindingProject", "AstarPathfindingProject.csproj", "{E3E65CFA-C22E-64CD-BB31-8B6DC0DC9191}"
EndProject
Project("{FAE04EC0-301F-11D3-BF4B-00C04F79EFBC}") = "Assembly-CSharp", "Assembly-CSharp.csproj", "{C1AD3395-52BD-3B1A-0DBA-C2A80B48C4B7}"
EndProject
Project("{FAE04EC0-301F-11D3-BF4B-00C04F79EFBC}") = "AstarPathfindingProjectEditor", "AstarPathfindingProjectEditor.csproj", "{00301007-5CD9-C200-E071-266BB2830846}"
EndProject
Project("{FAE04EC0-301F-11D3-BF4B-00C04F79EFBC}") = "PackageToolsEditor", "PackageToolsEditor.csproj", "{2FBAEB2F-E298-66D2-E0C7-FA175DEC729C}"
EndProject
Global
	GlobalSection(SolutionConfigurationPlatforms) = preSolution
		Debug|Any CPU = Debug|Any CPU
		Release|Any CPU = Release|Any CPU
	EndGlobalSection
	GlobalSection(ProjectConfigurationPlatforms) = postSolution
		{E3E65CFA-C22E-64CD-BB31-8B6DC0DC9191}.Debug|Any CPU.ActiveCfg = Debug|Any CPU
		{E3E65CFA-C22E-64CD-BB31-8B6DC0DC9191}.Debug|Any CPU.Build.0 = Debug|Any CPU
		{E3E65CFA-C22E-64CD-BB31-8B6DC0DC9191}.Release|Any CPU.ActiveCfg = Release|Any CPU
		{E3E65CFA-C22E-64CD-BB31-8B6DC0DC9191}.Release|Any CPU.Build.0 = Release|Any CPU
		{C1AD3395-52BD-3B1A-0DBA-C2A80B48C4B7}.Debug|Any CPU.ActiveCfg = Debug|Any CPU
		{C1AD3395-52BD-3B1A-0DBA-C2A80B48C4B7}.Debug|Any CPU.Build.0 = Debug|Any CPU
		{C1AD3395-52BD-3B1A-0DBA-C2A80B48C4B7}.Release|Any CPU.ActiveCfg = Release|Any CPU
		{C1AD3395-52BD-3B1A-0DBA-C2A80B48C4B7}.Release|Any CPU.Build.0 = Release|Any CPU
		{00301007-5CD9-C200-E071-266BB2830846}.Debug|Any CPU.ActiveCfg = Debug|Any CPU
		{00301007-5CD9-C200-E071-266BB2830846}.Debug|Any CPU.Build.0 = Debug|Any CPU
		{00301007-5CD9-C200-E071-266BB2830846}.Release|Any CPU.ActiveCfg = Release|Any CPU
		{00301007-5CD9-C200-E071-266BB2830846}.Release|Any CPU.Build.0 = Release|Any CPU
		{2FBAEB2F-E298-66D2-E0C7-FA175DEC729C}.Debug|Any CPU.ActiveCfg = Debug|Any CPU
		{2FBAEB2F-E298-66D2-E0C7-FA175DEC729C}.Debug|Any CPU.Build.0 = Debug|Any CPU
		{2FBAEB2F-E298-66D2-E0C7-FA175DEC729C}.Release|Any CPU.ActiveCfg = Release|Any CPU
		{2FBAEB2F-E298-66D2-E0C7-FA175DEC729C}.Release|Any CPU.Build.0 = Release|Any CPU
	EndGlobalSection
	GlobalSection(SolutionProperties) = preSolution
		HideSolutionNode = FALSE
	EndGlobalSection
EndGlobal
